{
  "name": "sls-ts",
  "version": "1.0.0",
  "lockfileVersion": 2,
  "requires": true,
  "packages": {
    "": {
      "name": "sls-ts",
      "version": "1.0.0",
      "license": "MIT",
      "dependencies": {
        "@middy/core": "^2.5.3",
        "@middy/http-json-body-parser": "^2.5.3",
        "uuid": "^8.3.2"
      },
      "engines": {
        "node": ">=14.15.0"
      }
    },
    "node_modules/@middy/core": {
      "version": "2.5.3",
      "resolved": "https://registry.npmjs.org/@middy/core/-/core-2.5.3.tgz",
      "integrity": "sha512-hCXlRglDu48sl03IjDGjcJwfwElIPAf0fwBu08kqE80qpnouZ1hGH1lZbkbJjAhz6DkSR+79YArUQKUYaM2k1g==",
      "engines": {
        "node": ">=12"
      }
    },
    "node_modules/@middy/http-json-body-parser": {
      "version": "2.5.3",
      "resolved": "https://registry.npmjs.org/@middy/http-json-body-parser/-/http-json-body-parser-2.5.3.tgz",
      "integrity": "sha512-8vUW40srhgwkgup9HTGv0lUOUUbTcK8XPrS0zjL3jC0Ew3AgU1FbpfyipTxgcaWr+cZlgmq1VvXY1G60R+7dyQ==",
      "dependencies": {
        "@middy/util": "^2.5.3"
      },
      "engines": {
        "node": ">=12"
      }
    },
    "node_modules/@middy/util": {
      "version": "2.5.3",
      "resolved": "https://registry.npmjs.org/@middy/util/-/util-2.5.3.tgz",
      "integrity": "sha512-tKB4Nw1tFYyt7A6OdY5ohuh/73+/uQQVv6dw+31uqdHZ4UNzqeIN+scT3QAC8Rqky6M8PrREJ+MrkqREykE/Tg==",
      "engines": {
        "node": ">=12"
      }
    },
    "node_modules/uuid": {
      "version": "8.3.2",
      "resolved": "https://registry.npmjs.org/uuid/-/uuid-8.3.2.tgz",
      "integrity": "sha512-+NYs2QeMWy+GWFOEm9xnn6HCDp0l7QBD7ml8zLUmJ+93Q5NF0NocErnwkTkXVFNiX3/fpC6afS8Dhb/gz7R7eg==",
      "bin": {
        "uuid": "dist/bin/uuid"
      }
    }
  },
  "dependencies": {
    "@middy/core": {
      "version": "2.5.3",
      "resolved": "https://registry.npmjs.org/@middy/core/-/core-2.5.3.tgz",
      "integrity": "sha512-hCXlRglDu48sl03IjDGjcJwfwElIPAf0fwBu08kqE80qpnouZ1hGH1lZbkbJjAhz6DkSR+79YArUQKUYaM2k1g=="
    },
    "@middy/http-json-body-parser": {
      "version": "2.5.3",
      "resolved": "https://registry.npmjs.org/@middy/http-json-body-parser/-/http-json-body-parser-2.5.3.tgz",
      "integrity": "sha512-8vUW40srhgwkgup9HTGv0lUOUUbTcK8XPrS0zjL3jC0Ew3AgU1FbpfyipTxgcaWr+cZlgmq1VvXY1G60R+7dyQ==",
      "requires": {
        "@middy/util": "^2.5.3"
      }
    },
    "@middy/util": {
      "version": "2.5.3",
      "resolved": "https://registry.npmjs.org/@middy/util/-/util-2.5.3.tgz",
      "integrity": "sha512-tKB4Nw1tFYyt7A6OdY5ohuh/73+/uQQVv6dw+31uqdHZ4UNzqeIN+scT3QAC8Rqky6M8PrREJ+MrkqREykE/Tg=="
    },
    "uuid": {
      "version": "8.3.2",
      "resolved": "https://registry.npmjs.org/uuid/-/uuid-8.3.2.tgz",
      "integrity": "sha512-+NYs2QeMWy+GWFOEm9xnn6HCDp0l7QBD7ml8zLUmJ+93Q5NF0NocErnwkTkXVFNiX3/fpC6afS8Dhb/gz7R7eg=="
    }
  }
}
